
Microsoft Visual Studio Solution File, Format Version 12.00
# Visual Studio Version 16
VisualStudioVersion = 16.0.31129.286
MinimumVisualStudioVersion = 10.0.40219.1
Project("{FAE04EC0-301F-11D3-BF4B-00C04F79EFBC}") = "K2_Betterware_Assistance_Scheduler.Api", "K2_Betterware_Assistance_Scheduler.Api\K2_Betterware_Assistance_Scheduler.Api.csproj", "{2A5DA91B-F426-4FEB-BC8B-409DA3BDD1C9}"
EndProject
Project("{FAE04EC0-301F-11D3-BF4B-00C04F79EFBC}") = "K2_Betterware_Assistance_Scheduler.Core", "K2_Betterware_Assistance_Scheduler.Core\K2_Betterware_Assistance_Scheduler.Core.csproj", "{23A1C1BB-6986-4D55-B741-91EE6EC0E703}"
EndProject
Project("{FAE04EC0-301F-11D3-BF4B-00C04F79EFBC}") = "K2_Betterware_Assistance_Scheduler.Infraestructure", "K2_Betterware_Assistance_Scheduler.Infraestructure\K2_Betterware_Assistance_Scheduler.Infraestructure.csproj", "{B8178E85-3CA2-4337-A68C-FAFF932FF70A}"
EndProject
Global
	GlobalSection(SolutionConfigurationPlatforms) = preSolution
		Debug|Any CPU = Debug|Any CPU
		Release|Any CPU = Release|Any CPU
	EndGlobalSection
	GlobalSection(ProjectConfigurationPlatforms) = postSolution
		{2A5DA91B-F426-4FEB-BC8B-409DA3BDD1C9}.Debug|Any CPU.ActiveCfg = Debug|Any CPU
		{2A5DA91B-F426-4FEB-BC8B-409DA3BDD1C9}.Debug|Any CPU.Build.0 = Debug|Any CPU
		{2A5DA91B-F426-4FEB-BC8B-409DA3BDD1C9}.Release|Any CPU.ActiveCfg = Release|Any CPU
		{2A5DA91B-F426-4FEB-BC8B-409DA3BDD1C9}.Release|Any CPU.Build.0 = Release|Any CPU
		{23A1C1BB-6986-4D55-B741-91EE6EC0E703}.Debug|Any CPU.ActiveCfg = Debug|Any CPU
		{23A1C1BB-6986-4D55-B741-91EE6EC0E703}.Debug|Any CPU.Build.0 = Debug|Any CPU
		{23A1C1BB-6986-4D55-B741-91EE6EC0E703}.Release|Any CPU.ActiveCfg = Release|Any CPU
		{23A1C1BB-6986-4D55-B741-91EE6EC0E703}.Release|Any CPU.Build.0 = Release|Any CPU
		{B8178E85-3CA2-4337-A68C-FAFF932FF70A}.Debug|Any CPU.ActiveCfg = Debug|Any CPU
		{B8178E85-3CA2-4337-A68C-FAFF932FF70A}.Debug|Any CPU.Build.0 = Debug|Any CPU
		{B8178E85-3CA2-4337-A68C-FAFF932FF70A}.Release|Any CPU.ActiveCfg = Release|Any CPU
		{B8178E85-3CA2-4337-A68C-FAFF932FF70A}.Release|Any CPU.Build.0 = Release|Any CPU
	EndGlobalSection
	GlobalSection(SolutionProperties) = preSolution
		HideSolutionNode = FALSE
	EndGlobalSection
	GlobalSection(ExtensibilityGlobals) = postSolution
		SolutionGuid = {017F39F8-DBBA-42D7-AA4C-03FE2FBE109B}
	EndGlobalSection
EndGlobal
